
Microsoft Visual Studio Solution File, Format Version 12.00
# Visual Studio Version 17
VisualStudioVersion = 17.11.35327.3
MinimumVisualStudioVersion = 10.0.40219.1
Project("{9A19103F-16F7-4668-BE54-9A1E7A4F7556}") = "RecipeOrganizer", "RecipeOrganizer\RecipeOrganizer.csproj", "{7E4A82AF-2A0F-475A-BF43-CD6962C084AE}"
EndProject
Project("{00D1A9C2-B5F0-4AF3-8072-F6C62B433612}") = "RecipeOrganizerDatabase", "RecipeOrganizerDatabase\RecipeOrganizerDatabase.sqlproj", "{7E07476F-B760-403F-90FB-5843DB4B4674}"
EndProject
Project("{9A19103F-16F7-4668-BE54-9A1E7A4F7556}") = "RecipeOrganizerLibrary", "RecipeOrganizerLibrary\RecipeOrganizerLibrary.csproj", "{570477F4-577A-4065-9AD1-71E63DF46266}"
EndProject
Global
	GlobalSection(SolutionConfigurationPlatforms) = preSolution
		Debug|Any CPU = Debug|Any CPU
		Release|Any CPU = Release|Any CPU
	EndGlobalSection
	GlobalSection(ProjectConfigurationPlatforms) = postSolution
		{7E4A82AF-2A0F-475A-BF43-CD6962C084AE}.Debug|Any CPU.ActiveCfg = Debug|Any CPU
		{7E4A82AF-2A0F-475A-BF43-CD6962C084AE}.Debug|Any CPU.Build.0 = Debug|Any CPU
		{7E4A82AF-2A0F-475A-BF43-CD6962C084AE}.Release|Any CPU.ActiveCfg = Release|Any CPU
		{7E4A82AF-2A0F-475A-BF43-CD6962C084AE}.Release|Any CPU.Build.0 = Release|Any CPU
		{7E07476F-B760-403F-90FB-5843DB4B4674}.Debug|Any CPU.ActiveCfg = Debug|Any CPU
		{7E07476F-B760-403F-90FB-5843DB4B4674}.Debug|Any CPU.Build.0 = Debug|Any CPU
		{7E07476F-B760-403F-90FB-5843DB4B4674}.Debug|Any CPU.Deploy.0 = Debug|Any CPU
		{7E07476F-B760-403F-90FB-5843DB4B4674}.Release|Any CPU.ActiveCfg = Release|Any CPU
		{7E07476F-B760-403F-90FB-5843DB4B4674}.Release|Any CPU.Build.0 = Release|Any CPU
		{7E07476F-B760-403F-90FB-5843DB4B4674}.Release|Any CPU.Deploy.0 = Release|Any CPU
		{570477F4-577A-4065-9AD1-71E63DF46266}.Debug|Any CPU.ActiveCfg = Debug|Any CPU
		{570477F4-577A-4065-9AD1-71E63DF46266}.Debug|Any CPU.Build.0 = Debug|Any CPU
		{570477F4-577A-4065-9AD1-71E63DF46266}.Release|Any CPU.ActiveCfg = Release|Any CPU
		{570477F4-577A-4065-9AD1-71E63DF46266}.Release|Any CPU.Build.0 = Release|Any CPU
	EndGlobalSection
	GlobalSection(SolutionProperties) = preSolution
		HideSolutionNode = FALSE
	EndGlobalSection
	GlobalSection(ExtensibilityGlobals) = postSolution
		SolutionGuid = {10C8699D-73C4-48BA-BF37-CE94B275FEA9}
	EndGlobalSection
EndGlobal
